
Microsoft Visual Studio Solution File, Format Version 12.00
# Visual Studio 15
VisualStudioVersion = 15.0.27703.2035
MinimumVisualStudioVersion = 10.0.40219.1
Project("{FAE04EC0-301F-11D3-BF4B-00C04F79EFBC}") = "ThoughtTrace.ContactManager.WebApi", "ThoughtTrace.ContactManager.WebApi\ThoughtTrace.ContactManager.WebApi.csproj", "{EA282A58-327F-4C1D-8101-1A369EA08488}"
EndProject
Project("{FAE04EC0-301F-11D3-BF4B-00C04F79EFBC}") = "ThoughtTrace.ContactManager.Data", "ThoughtTrace.ContactManager.Data\ThoughtTrace.ContactManager.Data.csproj", "{E8E57B32-7811-4F99-B1B3-5E934AA91472}"
EndProject
Global
	GlobalSection(SolutionConfigurationPlatforms) = preSolution
		Debug|Any CPU = Debug|Any CPU
		Release|Any CPU = Release|Any CPU
	EndGlobalSection
	GlobalSection(ProjectConfigurationPlatforms) = postSolution
		{EA282A58-327F-4C1D-8101-1A369EA08488}.Debug|Any CPU.ActiveCfg = Debug|Any CPU
		{EA282A58-327F-4C1D-8101-1A369EA08488}.Debug|Any CPU.Build.0 = Debug|Any CPU
		{EA282A58-327F-4C1D-8101-1A369EA08488}.Release|Any CPU.ActiveCfg = Release|Any CPU
		{EA282A58-327F-4C1D-8101-1A369EA08488}.Release|Any CPU.Build.0 = Release|Any CPU
		{E8E57B32-7811-4F99-B1B3-5E934AA91472}.Debug|Any CPU.ActiveCfg = Debug|Any CPU
		{E8E57B32-7811-4F99-B1B3-5E934AA91472}.Debug|Any CPU.Build.0 = Debug|Any CPU
		{E8E57B32-7811-4F99-B1B3-5E934AA91472}.Release|Any CPU.ActiveCfg = Release|Any CPU
		{E8E57B32-7811-4F99-B1B3-5E934AA91472}.Release|Any CPU.Build.0 = Release|Any CPU
	EndGlobalSection
	GlobalSection(SolutionProperties) = preSolution
		HideSolutionNode = FALSE
	EndGlobalSection
	GlobalSection(ExtensibilityGlobals) = postSolution
		SolutionGuid = {8D00E6DE-1A37-4727-AFCC-D717CE0AFE57}
	EndGlobalSection
EndGlobal
